
Microsoft Visual Studio Solution File, Format Version 12.00
# Visual Studio 2013
VisualStudioVersion = 12.0.31101.0
MinimumVisualStudioVersion = 10.0.40219.1
Project("{888888A0-9F3D-457C-B088-3A5042F75D52}") = "TypeWrite", "TypeWrite\TypeWrite.pyproj", "{92924869-92BF-41CF-B14F-33D579F8102A}"
EndProject
Project("{FAE04EC0-301F-11D3-BF4B-00C04F79EFBC}") = "TypewriteUtil", "TypewriteUtil\TypewriteUtil.csproj", "{C7445B01-3A3F-4810-B70A-65E7664B401B}"
EndProject
Global
	GlobalSection(SolutionConfigurationPlatforms) = preSolution
		Debug|Any CPU = Debug|Any CPU
		Release|Any CPU = Release|Any CPU
	EndGlobalSection
	GlobalSection(ProjectConfigurationPlatforms) = postSolution
		{92924869-92BF-41CF-B14F-33D579F8102A}.Debug|Any CPU.ActiveCfg = Debug|Any CPU
		{92924869-92BF-41CF-B14F-33D579F8102A}.Release|Any CPU.ActiveCfg = Release|Any CPU
		{C7445B01-3A3F-4810-B70A-65E7664B401B}.Debug|Any CPU.ActiveCfg = Debug|Any CPU
		{C7445B01-3A3F-4810-B70A-65E7664B401B}.Debug|Any CPU.Build.0 = Debug|Any CPU
		{C7445B01-3A3F-4810-B70A-65E7664B401B}.Release|Any CPU.ActiveCfg = Release|Any CPU
		{C7445B01-3A3F-4810-B70A-65E7664B401B}.Release|Any CPU.Build.0 = Release|Any CPU
	EndGlobalSection
	GlobalSection(SolutionProperties) = preSolution
		HideSolutionNode = FALSE
	EndGlobalSection
EndGlobal
